// !$*UTF8*$!
{
	archiveVersion = 1;
	classes = {
	};
	objectVersion = 77;
	objects = {

/* Begin PBXBuildFile section */
		CF54DF642E62BDA000F3DDA1 /* Domain in Frameworks */ = {isa = PBXBuildFile; productRef = CF54DF632E62BDA000F3DDA1 /* Domain */; };
		CF54DF672E62BDAF00F3DDA1 /* Service in Frameworks */ = {isa = PBXBuildFile; productRef = CF54DF662E62BDAF00F3DDA1 /* Service */; };
		CF54DF692E62BDAF00F3DDA1 /* ServiceAPI in Frameworks */ = {isa = PBXBuildFile; productRef = CF54DF682E62BDAF00F3DDA1 /* ServiceAPI */; };
		CF54DF6C2E62BDC000F3DDA1 /* ShowsList in Frameworks */ = {isa = PBXBuildFile; productRef = CF54DF6B2E62BDC000F3DDA1 /* ShowsList */; };
		CF54DF6E2E62BDC000F3DDA1 /* ShowsListAPI in Frameworks */ = {isa = PBXBuildFile; productRef = CF54DF6D2E62BDC000F3DDA1 /* ShowsListAPI */; };
		CF54DF752E67F76000F3DDA1 /* Local in Frameworks */ = {isa = PBXBuildFile; productRef = CF54DF742E67F76000F3DDA1 /* Local */; };
		CF54DF772E67F76000F3DDA1 /* LocalAPI in Frameworks */ = {isa = PBXBuildFile; productRef = CF54DF762E67F76000F3DDA1 /* LocalAPI */; };
/* End PBXBuildFile section */

/* Begin PBXContainerItemProxy section */
		CF54DF392E62BC1500F3DDA1 /* PBXContainerItemProxy */ = {
			isa = PBXContainerItemProxy;
			containerPortal = CF54DF222E62BC1500F3DDA1 /* Project object */;
			proxyType = 1;
			remoteGlobalIDString = CF54DF292E62BC1500F3DDA1;
			remoteInfo = App;
		};
		CF54DF432E62BC1500F3DDA1 /* PBXContainerItemProxy */ = {
			isa = PBXContainerItemProxy;
			containerPortal = CF54DF222E62BC1500F3DDA1 /* Project object */;
			proxyType = 1;
			remoteGlobalIDString = CF54DF292E62BC1500F3DDA1;
			remoteInfo = App;
		};
/* End PBXContainerItemProxy section */

/* Begin PBXFileReference section */
		CF54DF2A2E62BC1500F3DDA1 /* App.app */ = {isa = PBXFileReference; explicitFileType = wrapper.application; includeInIndex = 0; path = App.app; sourceTree = BUILT_PRODUCTS_DIR; };
		CF54DF382E62BC1500F3DDA1 /* AppTests.xctest */ = {isa = PBXFileReference; explicitFileType = wrapper.cfbundle; includeInIndex = 0; path = AppTests.xctest; sourceTree = BUILT_PRODUCTS_DIR; };
		CF54DF422E62BC1500F3DDA1 /* AppUITests.xctest */ = {isa = PBXFileReference; explicitFileType = wrapper.cfbundle; includeInIndex = 0; path = AppUITests.xctest; sourceTree = BUILT_PRODUCTS_DIR; };
/* End PBXFileReference section */

/* Begin PBXFileSystemSynchronizedRootGroup section */
		CF54DF2C2E62BC1500F3DDA1 /* App */ = {
			isa = PBXFileSystemSynchronizedRootGroup;
			path = App;
			sourceTree = "<group>";
		};
		CF54DF3B2E62BC1500F3DDA1 /* AppTests */ = {
			isa = PBXFileSystemSynchronizedRootGroup;
			path = AppTests;
			sourceTree = "<group>";
		};
		CF54DF452E62BC1500F3DDA1 /* AppUITests */ = {
			isa = PBXFileSystemSynchronizedRootGroup;
			path = AppUITests;
			sourceTree = "<group>";
		};
		CF54DF702E67706E00F3DDA1 /* Adapters */ = {
			isa = PBXFileSystemSynchronizedRootGroup;
			path = Adapters;
			sourceTree = "<group>";
		};
/* End PBXFileSystemSynchronizedRootGroup section */

/* Begin PBXFrameworksBuildPhase section */
		CF54DF272E62BC1500F3DDA1 /* Frameworks */ = {
			isa = PBXFrameworksBuildPhase;
			buildActionMask = 2147483647;
			files = (
				CF54DF752E67F76000F3DDA1 /* Local in Frameworks */,
				CF54DF672E62BDAF00F3DDA1 /* Service in Frameworks */,
				CF54DF6C2E62BDC000F3DDA1 /* ShowsList in Frameworks */,
				CF54DF642E62BDA000F3DDA1 /* Domain in Frameworks */,
				CF54DF772E67F76000F3DDA1 /* LocalAPI in Frameworks */,
				CF54DF6E2E62BDC000F3DDA1 /* ShowsListAPI in Frameworks */,
				CF54DF692E62BDAF00F3DDA1 /* ServiceAPI in Frameworks */,
			);
			runOnlyForDeploymentPostprocessing = 0;
		};
		CF54DF352E62BC1500F3DDA1 /* Frameworks */ = {
			isa = PBXFrameworksBuildPhase;
			buildActionMask = 2147483647;
			files = (
			);
			runOnlyForDeploymentPostprocessing = 0;
		};
		CF54DF3F2E62BC1500F3DDA1 /* Frameworks */ = {
			isa = PBXFrameworksBuildPhase;
			buildActionMask = 2147483647;
			files = (
			);
			runOnlyForDeploymentPostprocessing = 0;
		};
/* End PBXFrameworksBuildPhase section */

/* Begin PBXGroup section */
		CF54DF212E62BC1500F3DDA1 = {
			isa = PBXGroup;
			children = (
				CF54DF702E67706E00F3DDA1 /* Adapters */,
				CF54DF2C2E62BC1500F3DDA1 /* App */,
				CF54DF3B2E62BC1500F3DDA1 /* AppTests */,
				CF54DF452E62BC1500F3DDA1 /* AppUITests */,
				CF54DF2B2E62BC1500F3DDA1 /* Products */,
			);
			sourceTree = "<group>";
		};
		CF54DF2B2E62BC1500F3DDA1 /* Products */ = {
			isa = PBXGroup;
			children = (
				CF54DF2A2E62BC1500F3DDA1 /* App.app */,
				CF54DF382E62BC1500F3DDA1 /* AppTests.xctest */,
				CF54DF422E62BC1500F3DDA1 /* AppUITests.xctest */,
			);
			name = Products;
			sourceTree = "<group>";
		};
/* End PBXGroup section */

/* Begin PBXNativeTarget section */
		CF54DF292E62BC1500F3DDA1 /* App */ = {
			isa = PBXNativeTarget;
			buildConfigurationList = CF54DF4C2E62BC1500F3DDA1 /* Build configuration list for PBXNativeTarget "App" */;
			buildPhases = (
				CF54DF262E62BC1500F3DDA1 /* Sources */,
				CF54DF272E62BC1500F3DDA1 /* Frameworks */,
				CF54DF282E62BC1500F3DDA1 /* Resources */,
			);
			buildRules = (
			);
			dependencies = (
			);
			fileSystemSynchronizedGroups = (
				CF54DF2C2E62BC1500F3DDA1 /* App */,
				CF54DF702E67706E00F3DDA1 /* Adapters */,
			);
			name = App;
			packageProductDependencies = (
				CF54DF632E62BDA000F3DDA1 /* Domain */,
				CF54DF662E62BDAF00F3DDA1 /* Service */,
				CF54DF682E62BDAF00F3DDA1 /* ServiceAPI */,
				CF54DF6B2E62BDC000F3DDA1 /* ShowsList */,
				CF54DF6D2E62BDC000F3DDA1 /* ShowsListAPI */,
				CF54DF742E67F76000F3DDA1 /* Local */,
				CF54DF762E67F76000F3DDA1 /* LocalAPI */,
			);
			productName = App;
			productReference = CF54DF2A2E62BC1500F3DDA1 /* App.app */;
			productType = "com.apple.product-type.application";
		};
		CF54DF372E62BC1500F3DDA1 /* AppTests */ = {
			isa = PBXNativeTarget;
			buildConfigurationList = CF54DF4F2E62BC1500F3DDA1 /* Build configuration list for PBXNativeTarget "AppTests" */;
			buildPhases = (
				CF54DF342E62BC1500F3DDA1 /* Sources */,
				CF54DF352E62BC1500F3DDA1 /* Frameworks */,
				CF54DF362E62BC1500F3DDA1 /* Resources */,
			);
			buildRules = (
			);
			dependencies = (
				CF54DF3A2E62BC1500F3DDA1 /* PBXTargetDependency */,
			);
			fileSystemSynchronizedGroups = (
				CF54DF3B2E62BC1500F3DDA1 /* AppTests */,
			);
			name = AppTests;
			packageProductDependencies = (
			);
			productName = AppTests;
			productReference = CF54DF382E62BC1500F3DDA1 /* AppTests.xctest */;
			productType = "com.apple.product-type.bundle.unit-test";
		};
		CF54DF412E62BC1500F3DDA1 /* AppUITests */ = {
			isa = PBXNativeTarget;
			buildConfigurationList = CF54DF522E62BC1500F3DDA1 /* Build configuration list for PBXNativeTarget "AppUITests" */;
			buildPhases = (
				CF54DF3E2E62BC1500F3DDA1 /* Sources */,
				CF54DF3F2E62BC1500F3DDA1 /* Frameworks */,
				CF54DF402E62BC1500F3DDA1 /* Resources */,
			);
			buildRules = (
			);
			dependencies = (
				CF54DF442E62BC1500F3DDA1 /* PBXTargetDependency */,
			);
			fileSystemSynchronizedGroups = (
				CF54DF452E62BC1500F3DDA1 /* AppUITests */,
			);
			name = AppUITests;
			packageProductDependencies = (
			);
			productName = AppUITests;
			productReference = CF54DF422E62BC1500F3DDA1 /* AppUITests.xctest */;
			productType = "com.apple.product-type.bundle.ui-testing";
		};
/* End PBXNativeTarget section */

/* Begin PBXProject section */
		CF54DF222E62BC1500F3DDA1 /* Project object */ = {
			isa = PBXProject;
			attributes = {
				BuildIndependentTargetsInParallel = 1;
				LastSwiftUpdateCheck = 1640;
				LastUpgradeCheck = 1640;
				TargetAttributes = {
					CF54DF292E62BC1500F3DDA1 = {
						CreatedOnToolsVersion = 16.4;
					};
					CF54DF372E62BC1500F3DDA1 = {
						CreatedOnToolsVersion = 16.4;
						TestTargetID = CF54DF292E62BC1500F3DDA1;
					};
					CF54DF412E62BC1500F3DDA1 = {
						CreatedOnToolsVersion = 16.4;
						TestTargetID = CF54DF292E62BC1500F3DDA1;
					};
				};
			};
			buildConfigurationList = CF54DF252E62BC1500F3DDA1 /* Build configuration list for PBXProject "App" */;
			developmentRegion = en;
			hasScannedForEncodings = 0;
			knownRegions = (
				en,
				Base,
			);
			mainGroup = CF54DF212E62BC1500F3DDA1;
			minimizedProjectReferenceProxies = 1;
			packageReferences = (
				CF54DF622E62BDA000F3DDA1 /* XCLocalSwiftPackageReference "../Domain" */,
				CF54DF652E62BDAF00F3DDA1 /* XCLocalSwiftPackageReference "../Service" */,
				CF54DF6A2E62BDC000F3DDA1 /* XCLocalSwiftPackageReference "../ShowsList" */,
				CF54DF732E67F76000F3DDA1 /* XCLocalSwiftPackageReference "../Local" */,
			);
			preferredProjectObjectVersion = 77;
			productRefGroup = CF54DF2B2E62BC1500F3DDA1 /* Products */;
			projectDirPath = "";
			projectRoot = "";
			targets = (
				CF54DF292E62BC1500F3DDA1 /* App */,
				CF54DF372E62BC1500F3DDA1 /* AppTests */,
				CF54DF412E62BC1500F3DDA1 /* AppUITests */,
			);
		};
/* End PBXProject section */

/* Begin PBXResourcesBuildPhase section */
		CF54DF282E62BC1500F3DDA1 /* Resources */ = {
			isa = PBXResourcesBuildPhase;
			buildActionMask = 2147483647;
			files = (
			);
			runOnlyForDeploymentPostprocessing = 0;
		};
		CF54DF362E62BC1500F3DDA1 /* Resources */ = {
			isa = PBXResourcesBuildPhase;
			buildActionMask = 2147483647;
			files = (
			);
			runOnlyForDeploymentPostprocessing = 0;
		};
		CF54DF402E62BC1500F3DDA1 /* Resources */ = {
			isa = PBXResourcesBuildPhase;
			buildActionMask = 2147483647;
			files = (
			);
			runOnlyForDeploymentPostprocessing = 0;
		};
/* End PBXResourcesBuildPhase section */

/* Begin PBXSourcesBuildPhase section */
		CF54DF262E62BC1500F3DDA1 /* Sources */ = {
			isa = PBXSourcesBuildPhase;
			buildActionMask = 2147483647;
			files = (
			);
			runOnlyForDeploymentPostprocessing = 0;
		};
		CF54DF342E62BC1500F3DDA1 /* Sources */ = {
			isa = PBXSourcesBuildPhase;
			buildActionMask = 2147483647;
			files = (
			);
			runOnlyForDeploymentPostprocessing = 0;
		};
		CF54DF3E2E62BC1500F3DDA1 /* Sources */ = {
			isa = PBXSourcesBuildPhase;
			buildActionMask = 2147483647;
			files = (
			);
			runOnlyForDeploymentPostprocessing = 0;
		};
/* End PBXSourcesBuildPhase section */

/* Begin PBXTargetDependency section */
		CF54DF3A2E62BC1500F3DDA1 /* PBXTargetDependency */ = {
			isa = PBXTargetDependency;
			target = CF54DF292E62BC1500F3DDA1 /* App */;
			targetProxy = CF54DF392E62BC1500F3DDA1 /* PBXContainerItemProxy */;
		};
		CF54DF442E62BC1500F3DDA1 /* PBXTargetDependency */ = {
			isa = PBXTargetDependency;
			target = CF54DF292E62BC1500F3DDA1 /* App */;
			targetProxy = CF54DF432E62BC1500F3DDA1 /* PBXContainerItemProxy */;
		};
/* End PBXTargetDependency section */

/* Begin XCBuildConfiguration section */
		CF54DF4A2E62BC1500F3DDA1 /* Debug */ = {
			isa = XCBuildConfiguration;
			buildSettings = {
				ALWAYS_SEARCH_USER_PATHS = NO;
				ASSETCATALOG_COMPILER_GENERATE_SWIFT_ASSET_SYMBOL_EXTENSIONS = YES;
				CLANG_ANALYZER_NONNULL = YES;
				CLANG_ANALYZER_NUMBER_OBJECT_CONVERSION = YES_AGGRESSIVE;
				CLANG_CXX_LANGUAGE_STANDARD = "gnu++20";
				CLANG_ENABLE_MODULES = YES;
				CLANG_ENABLE_OBJC_ARC = YES;
				CLANG_ENABLE_OBJC_WEAK = YES;
				CLANG_WARN_BLOCK_CAPTURE_AUTORELEASING = YES;
				CLANG_WARN_BOOL_CONVERSION = YES;
				CLANG_WARN_COMMA = YES;
				CLANG_WARN_CONSTANT_CONVERSION = YES;
				CLANG_WARN_DEPRECATED_OBJC_IMPLEMENTATIONS = YES;
				CLANG_WARN_DIRECT_OBJC_ISA_USAGE = YES_ERROR;
				CLANG_WARN_DOCUMENTATION_COMMENTS = YES;
				CLANG_WARN_EMPTY_BODY = YES;
				CLANG_WARN_ENUM_CONVERSION = YES;
				CLANG_WARN_INFINITE_RECURSION = YES;
				CLANG_WARN_INT_CONVERSION = YES;
				CLANG_WARN_NON_LITERAL_NULL_CONVERSION = YES;
				CLANG_WARN_OBJC_IMPLICIT_RETAIN_SELF = YES;
				CLANG_WARN_OBJC_LITERAL_CONVERSION = YES;
				CLANG_WARN_OBJC_ROOT_CLASS = YES_ERROR;
				CLANG_WARN_QUOTED_INCLUDE_IN_FRAMEWORK_HEADER = YES;
				CLANG_WARN_RANGE_LOOP_ANALYSIS = YES;
				CLANG_WARN_STRICT_PROTOTYPES = YES;
				CLANG_WARN_SUSPICIOUS_MOVE = YES;
				CLANG_WARN_UNGUARDED_AVAILABILITY = YES_AGGRESSIVE;
				CLANG_WARN_UNREACHABLE_CODE = YES;
				CLANG_WARN__DUPLICATE_METHOD_MATCH = YES;
				COPY_PHASE_STRIP = NO;
				DEBUG_INFORMATION_FORMAT = dwarf;
				ENABLE_STRICT_OBJC_MSGSEND = YES;
				ENABLE_TESTABILITY = YES;
				ENABLE_USER_SCRIPT_SANDBOXING = YES;
				GCC_C_LANGUAGE_STANDARD = gnu17;
				GCC_DYNAMIC_NO_PIC = NO;
				GCC_NO_COMMON_BLOCKS = YES;
				GCC_OPTIMIZATION_LEVEL = 0;
				GCC_PREPROCESSOR_DEFINITIONS = (
					"DEBUG=1",
					"$(inherited)",
				);
				GCC_WARN_64_TO_32_BIT_CONVERSION = YES;
				GCC_WARN_ABOUT_RETURN_TYPE = YES_ERROR;
				GCC_WARN_UNDECLARED_SELECTOR = YES;
				GCC_WARN_UNINITIALIZED_AUTOS = YES_AGGRESSIVE;
				GCC_WARN_UNUSED_FUNCTION = YES;
				GCC_WARN_UNUSED_VARIABLE = YES;
				LOCALIZATION_PREFERS_STRING_CATALOGS = YES;
				MTL_ENABLE_DEBUG_INFO = INCLUDE_SOURCE;
				MTL_FAST_MATH = YES;
				ONLY_ACTIVE_ARCH = YES;
				SWIFT_ACTIVE_COMPILATION_CONDITIONS = "DEBUG $(inherited)";
				SWIFT_OPTIMIZATION_LEVEL = "-Onone";
			};
			name = Debug;
		};
		CF54DF4B2E62BC1500F3DDA1 /* Release */ = {
			isa = XCBuildConfiguration;
			buildSettings = {
				ALWAYS_SEARCH_USER_PATHS = NO;
				ASSETCATALOG_COMPILER_GENERATE_SWIFT_ASSET_SYMBOL_EXTENSIONS = YES;
				CLANG_ANALYZER_NONNULL = YES;
				CLANG_ANALYZER_NUMBER_OBJECT_CONVERSION = YES_AGGRESSIVE;
				CLANG_CXX_LANGUAGE_STANDARD = "gnu++20";
				CLANG_ENABLE_MODULES = YES;
				CLANG_ENABLE_OBJC_ARC = YES;
				CLANG_ENABLE_OBJC_WEAK = YES;
				CLANG_WARN_BLOCK_CAPTURE_AUTORELEASING = YES;
				CLANG_WARN_BOOL_CONVERSION = YES;
				CLANG_WARN_COMMA = YES;
				CLANG_WARN_CONSTANT_CONVERSION = YES;
				CLANG_WARN_DEPRECATED_OBJC_IMPLEMENTATIONS = YES;
				CLANG_WARN_DIRECT_OBJC_ISA_USAGE = YES_ERROR;
				CLANG_WARN_DOCUMENTATION_COMMENTS = YES;
				CLANG_WARN_EMPTY_BODY = YES;
				CLANG_WARN_ENUM_CONVERSION = YES;
				CLANG_WARN_INFINITE_RECURSION = YES;
				CLANG_WARN_INT_CONVERSION = YES;
				CLANG_WARN_NON_LITERAL_NULL_CONVERSION = YES;
				CLANG_WARN_OBJC_IMPLICIT_RETAIN_SELF = YES;
				CLANG_WARN_OBJC_LITERAL_CONVERSION = YES;
				CLANG_WARN_OBJC_ROOT_CLASS = YES_ERROR;
				CLANG_WARN_QUOTED_INCLUDE_IN_FRAMEWORK_HEADER = YES;
				CLANG_WARN_RANGE_LOOP_ANALYSIS = YES;
				CLANG_WARN_STRICT_PROTOTYPES = YES;
				CLANG_WARN_SUSPICIOUS_MOVE = YES;
				CLANG_WARN_UNGUARDED_AVAILABILITY = YES_AGGRESSIVE;
				CLANG_WARN_UNREACHABLE_CODE = YES;
				CLANG_WARN__DUPLICATE_METHOD_MATCH = YES;
				COPY_PHASE_STRIP = NO;
				DEBUG_INFORMATION_FORMAT = "dwarf-with-dsym";
				ENABLE_NS_ASSERTIONS = NO;
				ENABLE_STRICT_OBJC_MSGSEND = YES;
				ENABLE_USER_SCRIPT_SANDBOXING = YES;
				GCC_C_LANGUAGE_STANDARD = gnu17;
				GCC_NO_COMMON_BLOCKS = YES;
				GCC_WARN_64_TO_32_BIT_CONVERSION = YES;
				GCC_WARN_ABOUT_RETURN_TYPE = YES_ERROR;
				GCC_WARN_UNDECLARED_SELECTOR = YES;
				GCC_WARN_UNINITIALIZED_AUTOS = YES_AGGRESSIVE;
				GCC_WARN_UNUSED_FUNCTION = YES;
				GCC_WARN_UNUSED_VARIABLE = YES;
				LOCALIZATION_PREFERS_STRING_CATALOGS = YES;
				MTL_ENABLE_DEBUG_INFO = NO;
				MTL_FAST_MATH = YES;
				SWIFT_COMPILATION_MODE = wholemodule;
			};
			name = Release;
		};
		CF54DF4D2E62BC1500F3DDA1 /* Debug */ = {
			isa = XCBuildConfiguration;
			buildSettings = {
				ASSETCATALOG_COMPILER_APPICON_NAME = AppIcon;
				ASSETCATALOG_COMPILER_GLOBAL_ACCENT_COLOR_NAME = AccentColor;
				CODE_SIGN_ENTITLEMENTS = App/App.entitlements;
				CODE_SIGN_STYLE = Automatic;
				CURRENT_PROJECT_VERSION = 1;
				ENABLE_PREVIEWS = YES;
				GENERATE_INFOPLIST_FILE = YES;
				"INFOPLIST_KEY_UIApplicationSceneManifest_Generation[sdk=iphoneos*]" = YES;
				"INFOPLIST_KEY_UIApplicationSceneManifest_Generation[sdk=iphonesimulator*]" = YES;
				"INFOPLIST_KEY_UIApplicationSupportsIndirectInputEvents[sdk=iphoneos*]" = YES;
				"INFOPLIST_KEY_UIApplicationSupportsIndirectInputEvents[sdk=iphonesimulator*]" = YES;
				"INFOPLIST_KEY_UILaunchScreen_Generation[sdk=iphoneos*]" = YES;
				"INFOPLIST_KEY_UILaunchScreen_Generation[sdk=iphonesimulator*]" = YES;
				"INFOPLIST_KEY_UIStatusBarStyle[sdk=iphoneos*]" = UIStatusBarStyleDefault;
				"INFOPLIST_KEY_UIStatusBarStyle[sdk=iphonesimulator*]" = UIStatusBarStyleDefault;
				INFOPLIST_KEY_UISupportedInterfaceOrientations_iPad = "UIInterfaceOrientationPortrait UIInterfaceOrientationPortraitUpsideDown UIInterfaceOrientationLandscapeLeft UIInterfaceOrientationLandscapeRight";
				INFOPLIST_KEY_UISupportedInterfaceOrientations_iPhone = "UIInterfaceOrientationPortrait UIInterfaceOrientationLandscapeLeft UIInterfaceOrientationLandscapeRight";
				IPHONEOS_DEPLOYMENT_TARGET = 18.5;
				LD_RUNPATH_SEARCH_PATHS = "@executable_path/Frameworks";
				"LD_RUNPATH_SEARCH_PATHS[sdk=macosx*]" = "@executable_path/../Frameworks";
				MACOSX_DEPLOYMENT_TARGET = 15.5;
				MARKETING_VERSION = 1.0;
				PRODUCT_BUNDLE_IDENTIFIER = com.rsgermano.App;
				PRODUCT_NAME = "$(TARGET_NAME)";
				REGISTER_APP_GROUPS = YES;
				SDKROOT = auto;
				SUPPORTED_PLATFORMS = "iphoneos iphonesimulator macosx xros xrsimulator";
				SWIFT_EMIT_LOC_STRINGS = YES;
				SWIFT_VERSION = 5.0;
				TARGETED_DEVICE_FAMILY = "1,2,7";
				XROS_DEPLOYMENT_TARGET = 2.5;
			};
			name = Debug;
		};
		CF54DF4E2E62BC1500F3DDA1 /* Release */ = {
			isa = XCBuildConfiguration;
			buildSettings = {
				ASSETCATALOG_COMPILER_APPICON_NAME = AppIcon;
				ASSETCATALOG_COMPILER_GLOBAL_ACCENT_COLOR_NAME = AccentColor;
				CODE_SIGN_ENTITLEMENTS = App/App.entitlements;
				CODE_SIGN_STYLE = Automatic;
				CURRENT_PROJECT_VERSION = 1;
				ENABLE_PREVIEWS = YES;
				GENERATE_INFOPLIST_FILE = YES;
				"INFOPLIST_KEY_UIApplicationSceneManifest_Generation[sdk=iphoneos*]" = YES;
				"INFOPLIST_KEY_UIApplicationSceneManifest_Generation[sdk=iphonesimulator*]" = YES;
				"INFOPLIST_KEY_UIApplicationSupportsIndirectInputEvents[sdk=iphoneos*]" = YES;
				"INFOPLIST_KEY_UIApplicationSupportsIndirectInputEvents[sdk=iphonesimulator*]" = YES;
				"INFOPLIST_KEY_UILaunchScreen_Generation[sdk=iphoneos*]" = YES;
				"INFOPLIST_KEY_UILaunchScreen_Generation[sdk=iphonesimulator*]" = YES;
				"INFOPLIST_KEY_UIStatusBarStyle[sdk=iphoneos*]" = UIStatusBarStyleDefault;
				"INFOPLIST_KEY_UIStatusBarStyle[sdk=iphonesimulator*]" = UIStatusBarStyleDefault;
				INFOPLIST_KEY_UISupportedInterfaceOrientations_iPad = "UIInterfaceOrientationPortrait UIInterfaceOrientationPortraitUpsideDown UIInterfaceOrientationLandscapeLeft UIInterfaceOrientationLandscapeRight";
				INFOPLIST_KEY_UISupportedInterfaceOrientations_iPhone = "UIInterfaceOrientationPortrait UIInterfaceOrientationLandscapeLeft UIInterfaceOrientationLandscapeRight";
				IPHONEOS_DEPLOYMENT_TARGET = 18.5;
				LD_RUNPATH_SEARCH_PATHS = "@executable_path/Frameworks";
				"LD_RUNPATH_SEARCH_PATHS[sdk=macosx*]" = "@executable_path/../Frameworks";
				MACOSX_DEPLOYMENT_TARGET = 15.5;
				MARKETING_VERSION = 1.0;
				PRODUCT_BUNDLE_IDENTIFIER = com.rsgermano.App;
				PRODUCT_NAME = "$(TARGET_NAME)";
				REGISTER_APP_GROUPS = YES;
				SDKROOT = auto;
				SUPPORTED_PLATFORMS = "iphoneos iphonesimulator macosx xros xrsimulator";
				SWIFT_EMIT_LOC_STRINGS = YES;
				SWIFT_VERSION = 5.0;
				TARGETED_DEVICE_FAMILY = "1,2,7";
				XROS_DEPLOYMENT_TARGET = 2.5;
			};
			name = Release;
		};
		CF54DF502E62BC1500F3DDA1 /* Debug */ = {
			isa = XCBuildConfiguration;
			buildSettings = {
				BUNDLE_LOADER = "$(TEST_HOST)";
				CODE_SIGN_STYLE = Automatic;
				CURRENT_PROJECT_VERSION = 1;
				GENERATE_INFOPLIST_FILE = YES;
				IPHONEOS_DEPLOYMENT_TARGET = 18.5;
				MACOSX_DEPLOYMENT_TARGET = 15.5;
				MARKETING_VERSION = 1.0;
				PRODUCT_BUNDLE_IDENTIFIER = com.rsgermano.AppTests;
				PRODUCT_NAME = "$(TARGET_NAME)";
				SDKROOT = auto;
				SUPPORTED_PLATFORMS = "iphoneos iphonesimulator macosx xros xrsimulator";
				SWIFT_EMIT_LOC_STRINGS = NO;
				SWIFT_VERSION = 5.0;
				TARGETED_DEVICE_FAMILY = "1,2,7";
				TEST_HOST = "$(BUILT_PRODUCTS_DIR)/App.app/$(BUNDLE_EXECUTABLE_FOLDER_PATH)/App";
				XROS_DEPLOYMENT_TARGET = 2.5;
			};
			name = Debug;
		};
		CF54DF512E62BC1500F3DDA1 /* Release */ = {
			isa = XCBuildConfiguration;
			buildSettings = {
				BUNDLE_LOADER = "$(TEST_HOST)";
				CODE_SIGN_STYLE = Automatic;
				CURRENT_PROJECT_VERSION = 1;
				GENERATE_INFOPLIST_FILE = YES;
				IPHONEOS_DEPLOYMENT_TARGET = 18.5;
				MACOSX_DEPLOYMENT_TARGET = 15.5;
				MARKETING_VERSION = 1.0;
				PRODUCT_BUNDLE_IDENTIFIER = com.rsgermano.AppTests;
				PRODUCT_NAME = "$(TARGET_NAME)";
				SDKROOT = auto;
				SUPPORTED_PLATFORMS = "iphoneos iphonesimulator macosx xros xrsimulator";
				SWIFT_EMIT_LOC_STRINGS = NO;
				SWIFT_VERSION = 5.0;
				TARGETED_DEVICE_FAMILY = "1,2,7";
				TEST_HOST = "$(BUILT_PRODUCTS_DIR)/App.app/$(BUNDLE_EXECUTABLE_FOLDER_PATH)/App";
				XROS_DEPLOYMENT_TARGET = 2.5;
			};
			name = Release;
		};
		CF54DF532E62BC1500F3DDA1 /* Debug */ = {
			isa = XCBuildConfiguration;
			buildSettings = {
				CODE_SIGN_STYLE = Automatic;
				CURRENT_PROJECT_VERSION = 1;
				GENERATE_INFOPLIST_FILE = YES;
				IPHONEOS_DEPLOYMENT_TARGET = 18.5;
				MACOSX_DEPLOYMENT_TARGET = 15.5;
				MARKETING_VERSION = 1.0;
				PRODUCT_BUNDLE_IDENTIFIER = com.rsgermano.AppUITests;
				PRODUCT_NAME = "$(TARGET_NAME)";
				SDKROOT = auto;
				SUPPORTED_PLATFORMS = "iphoneos iphonesimulator macosx xros xrsimulator";
				SWIFT_EMIT_LOC_STRINGS = NO;
				SWIFT_VERSION = 5.0;
				TARGETED_DEVICE_FAMILY = "1,2,7";
				TEST_TARGET_NAME = App;
				XROS_DEPLOYMENT_TARGET = 2.5;
			};
			name = Debug;
		};
		CF54DF542E62BC1500F3DDA1 /* Release */ = {
			isa = XCBuildConfiguration;
			buildSettings = {
				CODE_SIGN_STYLE = Automatic;
				CURRENT_PROJECT_VERSION = 1;
				GENERATE_INFOPLIST_FILE = YES;
				IPHONEOS_DEPLOYMENT_TARGET = 18.5;
				MACOSX_DEPLOYMENT_TARGET = 15.5;
				MARKETING_VERSION = 1.0;
				PRODUCT_BUNDLE_IDENTIFIER = com.rsgermano.AppUITests;
				PRODUCT_NAME = "$(TARGET_NAME)";
				SDKROOT = auto;
				SUPPORTED_PLATFORMS = "iphoneos iphonesimulator macosx xros xrsimulator";
				SWIFT_EMIT_LOC_STRINGS = NO;
				SWIFT_VERSION = 5.0;
				TARGETED_DEVICE_FAMILY = "1,2,7";
				TEST_TARGET_NAME = App;
				XROS_DEPLOYMENT_TARGET = 2.5;
			};
			name = Release;
		};
/* End XCBuildConfiguration section */

/* Begin XCConfigurationList section */
		CF54DF252E62BC1500F3DDA1 /* Build configuration list for PBXProject "App" */ = {
			isa = XCConfigurationList;
			buildConfigurations = (
				CF54DF4A2E62BC1500F3DDA1 /* Debug */,
				CF54DF4B2E62BC1500F3DDA1 /* Release */,
			);
			defaultConfigurationIsVisible = 0;
			defaultConfigurationName = Release;
		};
		CF54DF4C2E62BC1500F3DDA1 /* Build configuration list for PBXNativeTarget "App" */ = {
			isa = XCConfigurationList;
			buildConfigurations = (
				CF54DF4D2E62BC1500F3DDA1 /* Debug */,
				CF54DF4E2E62BC1500F3DDA1 /* Release */,
			);
			defaultConfigurationIsVisible = 0;
			defaultConfigurationName = Release;
		};
		CF54DF4F2E62BC1500F3DDA1 /* Build configuration list for PBXNativeTarget "AppTests" */ = {
			isa = XCConfigurationList;
			buildConfigurations = (
				CF54DF502E62BC1500F3DDA1 /* Debug */,
				CF54DF512E62BC1500F3DDA1 /* Release */,
			);
			defaultConfigurationIsVisible = 0;
			defaultConfigurationName = Release;
		};
		CF54DF522E62BC1500F3DDA1 /* Build configuration list for PBXNativeTarget "AppUITests" */ = {
			isa = XCConfigurationList;
			buildConfigurations = (
				CF54DF532E62BC1500F3DDA1 /* Debug */,
				CF54DF542E62BC1500F3DDA1 /* Release */,
			);
			defaultConfigurationIsVisible = 0;
			defaultConfigurationName = Release;
		};
/* End XCConfigurationList section */

/* Begin XCLocalSwiftPackageReference section */
		CF54DF622E62BDA000F3DDA1 /* XCLocalSwiftPackageReference "../Domain" */ = {
			isa = XCLocalSwiftPackageReference;
			relativePath = ../Domain;
		};
		CF54DF652E62BDAF00F3DDA1 /* XCLocalSwiftPackageReference "../Service" */ = {
			isa = XCLocalSwiftPackageReference;
			relativePath = ../Service;
		};
		CF54DF6A2E62BDC000F3DDA1 /* XCLocalSwiftPackageReference "../ShowsList" */ = {
			isa = XCLocalSwiftPackageReference;
			relativePath = ../ShowsList;
		};
		CF54DF732E67F76000F3DDA1 /* XCLocalSwiftPackageReference "../Local" */ = {
			isa = XCLocalSwiftPackageReference;
			relativePath = ../Local;
		};
/* End XCLocalSwiftPackageReference section */

/* Begin XCSwiftPackageProductDependency section */
		CF54DF632E62BDA000F3DDA1 /* Domain */ = {
			isa = XCSwiftPackageProductDependency;
			productName = Domain;
		};
		CF54DF662E62BDAF00F3DDA1 /* Service */ = {
			isa = XCSwiftPackageProductDependency;
			productName = Service;
		};
		CF54DF682E62BDAF00F3DDA1 /* ServiceAPI */ = {
			isa = XCSwiftPackageProductDependency;
			productName = ServiceAPI;
		};
		CF54DF6B2E62BDC000F3DDA1 /* ShowsList */ = {
			isa = XCSwiftPackageProductDependency;
			productName = ShowsList;
		};
		CF54DF6D2E62BDC000F3DDA1 /* ShowsListAPI */ = {
			isa = XCSwiftPackageProductDependency;
			productName = ShowsListAPI;
		};
		CF54DF742E67F76000F3DDA1 /* Local */ = {
			isa = XCSwiftPackageProductDependency;
			productName = Local;
		};
		CF54DF762E67F76000F3DDA1 /* LocalAPI */ = {
			isa = XCSwiftPackageProductDependency;
			productName = LocalAPI;
		};
/* End XCSwiftPackageProductDependency section */
	};
	rootObject = CF54DF222E62BC1500F3DDA1 /* Project object */;
}
